<?xml version="1.0" encoding="utf-8"?>
<Project ToolsVersion="4.0" xmlns="http://schemas.microsoft.com/developer/msbuild/2003">
  <ItemGroup>
    <Filter Include="example">
      <UniqueIdentifier>{561f4a1d-7f13-4490-9634-a8b5b7f4c902}</UniqueIdentifier>
    </Filter>
  </ItemGroup>
  <ItemGroup>
    <ClCompile Include="..\..\..\examples\dns\main.cpp">
      <Filter>example</Filter>
    </ClCompile>
  </ItemGroup>
</Project>