
Microsoft Visual Studio Solution File, Format Version 12.00
# Visual Studio 15
VisualStudioVersion = 15.0.27703.2026
MinimumVisualStudioVersion = 10.0.40219.1
Project("{8BC9CEB8-8B4A-11D0-8D11-00A0C91BC942}") = "all_example", "all_example\all_example.vcxproj", "{6F7ED96A-7381-4129-902D-5232E41EBA8A}"
EndProject
Project("{8BC9CEB8-8B4A-11D0-8D11-00A0C91BC942}") = "pingpong", "pingpong\pingpong.vcxproj", "{58896849-C2B4-4F9B-BD69-25C9C0337E45}"
EndProject
Global
	GlobalSection(SolutionConfigurationPlatforms) = preSolution
		Debug|x64 = Debug|x64
		Debug|x86 = Debug|x86
		Release|x64 = Release|x64
		Release|x86 = Release|x86
	EndGlobalSection
	GlobalSection(ProjectConfigurationPlatforms) = postSolution
		{6F7ED96A-7381-4129-902D-5232E41EBA8A}.Debug|x64.ActiveCfg = Debug|x64
		{6F7ED96A-7381-4129-902D-5232E41EBA8A}.Debug|x64.Build.0 = Debug|x64
		{6F7ED96A-7381-4129-902D-5232E41EBA8A}.Debug|x86.ActiveCfg = Debug|Win32
		{6F7ED96A-7381-4129-902D-5232E41EBA8A}.Debug|x86.Build.0 = Debug|Win32
		{6F7ED96A-7381-4129-902D-5232E41EBA8A}.Release|x64.ActiveCfg = Release|x64
		{6F7ED96A-7381-4129-902D-5232E41EBA8A}.Release|x64.Build.0 = Release|x64
		{6F7ED96A-7381-4129-902D-5232E41EBA8A}.Release|x86.ActiveCfg = Release|Win32
		{6F7ED96A-7381-4129-902D-5232E41EBA8A}.Release|x86.Build.0 = Release|Win32
		{58896849-C2B4-4F9B-BD69-25C9C0337E45}.Debug|x64.ActiveCfg = Debug|x64
		{58896849-C2B4-4F9B-BD69-25C9C0337E45}.Debug|x64.Build.0 = Debug|x64
		{58896849-C2B4-4F9B-BD69-25C9C0337E45}.Debug|x86.ActiveCfg = Debug|Win32
		{58896849-C2B4-4F9B-BD69-25C9C0337E45}.Debug|x86.Build.0 = Debug|Win32
		{58896849-C2B4-4F9B-BD69-25C9C0337E45}.Release|x64.ActiveCfg = Release|x64
		{58896849-C2B4-4F9B-BD69-25C9C0337E45}.Release|x64.Build.0 = Release|x64
		{58896849-C2B4-4F9B-BD69-25C9C0337E45}.Release|x86.ActiveCfg = Release|Win32
		{58896849-C2B4-4F9B-BD69-25C9C0337E45}.Release|x86.Build.0 = Release|Win32
	EndGlobalSection
	GlobalSection(SolutionProperties) = preSolution
		HideSolutionNode = FALSE
	EndGlobalSection
	GlobalSection(ExtensibilityGlobals) = postSolution
		SolutionGuid = {E3AB19D5-92BA-4545-A2F9-65007A262FA0}
	EndGlobalSection
EndGlobal
