<?xml version="1.0" encoding="utf-8"?>
<Project ToolsVersion="4.0" xmlns="http://schemas.microsoft.com/developer/msbuild/2003">
  <ItemGroup>
    <Filter Include="uv">
      <UniqueIdentifier>{74e47789-8a2f-4c05-813c-6ff6da52d675}</UniqueIdentifier>
    </Filter>
    <Filter Include="example">
      <UniqueIdentifier>{c9891f23-6fd4-4eb0-aee8-d894dbd4f71b}</UniqueIdentifier>
    </Filter>
  </ItemGroup>
  <ItemGroup>
    <ClCompile Include="..\..\..\examples\rpc\main.cpp">
      <Filter>example</Filter>
    </ClCompile>
    <ClCompile Include="..\..\..\examples\rpc\RpcClient.cpp">
      <Filter>example</Filter>
    </ClCompile>
    <ClCompile Include="..\..\..\examples\rpc\RpcCtrl.cpp">
      <Filter>example</Filter>
    </ClCompile>
    <ClCompile Include="..\..\..\examples\rpc\RpcServer.cpp">
      <Filter>example</Filter>
    </ClCompile>
    <ClCompile Include="..\..\..\uv\Async.cpp">
      <Filter>uv</Filter>
    </ClCompile>
    <ClCompile Include="..\..\..\uv\CycleBuffer.cpp">
      <Filter>uv</Filter>
    </ClCompile>
    <ClCompile Include="..\..\..\uv\EventLoop.cpp">
      <Filter>uv</Filter>
    </ClCompile>
    <ClCompile Include="..\..\..\uv\GlobalConfig.cpp">
      <Filter>uv</Filter>
    </ClCompile>
    <ClCompile Include="..\..\..\uv\Idle.cpp">
      <Filter>uv</Filter>
    </ClCompile>
    <ClCompile Include="..\..\..\uv\ListBuffer.cpp">
      <Filter>uv</Filter>
    </ClCompile>
    <ClCompile Include="..\..\..\uv\LogWriter.cpp">
      <Filter>uv</Filter>
    </ClCompile>
    <ClCompile Include="..\..\..\uv\Packet.cpp">
      <Filter>uv</Filter>
    </ClCompile>
    <ClCompile Include="..\..\..\uv\Signal.cpp">
      <Filter>uv</Filter>
    </ClCompile>
    <ClCompile Include="..\..\..\uv\SocketAddr.cpp">
      <Filter>uv</Filter>
    </ClCompile>
    <ClCompile Include="..\..\..\uv\TcpAccepter.cpp">
      <Filter>uv</Filter>
    </ClCompile>
    <ClCompile Include="..\..\..\uv\TcpClient.cpp">
      <Filter>uv</Filter>
    </ClCompile>
    <ClCompile Include="..\..\..\uv\TcpConnection.cpp">
      <Filter>uv</Filter>
    </ClCompile>
    <ClCompile Include="..\..\..\uv\TcpServer.cpp">
      <Filter>uv</Filter>
    </ClCompile>
    <ClCompile Include="..\..\..\uv\Timer.cpp">
      <Filter>uv</Filter>
    </ClCompile>
    <ClCompile Include="..\..\..\uv\TimerWheel.cpp">
      <Filter>uv</Filter>
    </ClCompile>
    <ClCompile Include="..\..\..\uv\Udp.cpp">
      <Filter>uv</Filter>
    </ClCompile>
  </ItemGroup>
  <ItemGroup>
    <ClInclude Include="..\..\..\examples\rpc\protocol.h">
      <Filter>example</Filter>
    </ClInclude>
    <ClInclude Include="..\..\..\examples\rpc\RpcClient.h">
      <Filter>example</Filter>
    </ClInclude>
    <ClInclude Include="..\..\..\examples\rpc\RpcCtrl.h">
      <Filter>example</Filter>
    </ClInclude>
    <ClInclude Include="..\..\..\examples\rpc\RpcServer.h">
      <Filter>example</Filter>
    </ClInclude>
  </ItemGroup>
</Project>