<?xml version="1.0" encoding="utf-8"?>
<Project ToolsVersion="4.0" xmlns="http://schemas.microsoft.com/developer/msbuild/2003">
  <ItemGroup>
    <Filter Include="example">
      <UniqueIdentifier>{c9891f23-6fd4-4eb0-aee8-d894dbd4f71b}</UniqueIdentifier>
    </Filter>
  </ItemGroup>
  <ItemGroup>
    <ClCompile Include="..\..\..\examples\rpc\main.cpp">
      <Filter>example</Filter>
    </ClCompile>
    <ClCompile Include="..\..\..\examples\rpc\RpcClient.cpp">
      <Filter>example</Filter>
    </ClCompile>
    <ClCompile Include="..\..\..\examples\rpc\RpcCtrl.cpp">
      <Filter>example</Filter>
    </ClCompile>
    <ClCompile Include="..\..\..\examples\rpc\RpcServer.cpp">
      <Filter>example</Filter>
    </ClCompile>
  </ItemGroup>
  <ItemGroup>
    <ClInclude Include="..\..\..\examples\rpc\protocol.h">
      <Filter>example</Filter>
    </ClInclude>
    <ClInclude Include="..\..\..\examples\rpc\RpcClient.h">
      <Filter>example</Filter>
    </ClInclude>
    <ClInclude Include="..\..\..\examples\rpc\RpcCtrl.h">
      <Filter>example</Filter>
    </ClInclude>
    <ClInclude Include="..\..\..\examples\rpc\RpcServer.h">
      <Filter>example</Filter>
    </ClInclude>
  </ItemGroup>
</Project>